
Microsoft Visual Studio Solution File, Format Version 12.00
# Visual Studio Version 17
VisualStudioVersion = 17.5.002.0
MinimumVisualStudioVersion = 10.0.40219.1
Project("{9A19103F-16F7-4668-BE54-9A1E7A4F7556}") = "learn", "learn\learn.csproj", "{37E73E0D-F3C9-4235-A91A-69285CD8C37C}"
EndProject
Project("{9A19103F-16F7-4668-BE54-9A1E7A4F7556}") = "code", "code\code.csproj", "{C8E05727-B103-4AC1-BF76-ADAC9C705E81}"
EndProject
Project("{9A19103F-16F7-4668-BE54-9A1E7A4F7556}") = "teach", "teach\teach.csproj", "{047D3DE9-400D-4BB1-BC48-F1DA8DBE84DF}"
EndProject
Global
	GlobalSection(SolutionConfigurationPlatforms) = preSolution
		Debug|Any CPU = Debug|Any CPU
		Release|Any CPU = Release|Any CPU
	EndGlobalSection
	GlobalSection(ProjectConfigurationPlatforms) = postSolution
		{37E73E0D-F3C9-4235-A91A-69285CD8C37C}.Debug|Any CPU.ActiveCfg = Debug|Any CPU
		{37E73E0D-F3C9-4235-A91A-69285CD8C37C}.Debug|Any CPU.Build.0 = Debug|Any CPU
		{37E73E0D-F3C9-4235-A91A-69285CD8C37C}.Release|Any CPU.ActiveCfg = Release|Any CPU
		{37E73E0D-F3C9-4235-A91A-69285CD8C37C}.Release|Any CPU.Build.0 = Release|Any CPU
		{C8E05727-B103-4AC1-BF76-ADAC9C705E81}.Debug|Any CPU.ActiveCfg = Debug|Any CPU
		{C8E05727-B103-4AC1-BF76-ADAC9C705E81}.Debug|Any CPU.Build.0 = Debug|Any CPU
		{C8E05727-B103-4AC1-BF76-ADAC9C705E81}.Release|Any CPU.ActiveCfg = Release|Any CPU
		{C8E05727-B103-4AC1-BF76-ADAC9C705E81}.Release|Any CPU.Build.0 = Release|Any CPU
		{047D3DE9-400D-4BB1-BC48-F1DA8DBE84DF}.Debug|Any CPU.ActiveCfg = Debug|Any CPU
		{047D3DE9-400D-4BB1-BC48-F1DA8DBE84DF}.Debug|Any CPU.Build.0 = Debug|Any CPU
		{047D3DE9-400D-4BB1-BC48-F1DA8DBE84DF}.Release|Any CPU.ActiveCfg = Release|Any CPU
		{047D3DE9-400D-4BB1-BC48-F1DA8DBE84DF}.Release|Any CPU.Build.0 = Release|Any CPU
	EndGlobalSection
	GlobalSection(SolutionProperties) = preSolution
		HideSolutionNode = FALSE
	EndGlobalSection
	GlobalSection(ExtensibilityGlobals) = postSolution
		SolutionGuid = {0A3701BC-D59C-45F9-AC9D-23A65BD827C7}
	EndGlobalSection
EndGlobal
